{
    "name": "test",
    "version": "1.0.0",
    "lockfileVersion": 1,
    "requires": true,
    "dependencies": {
        "acorn": {
            "version": "5.7.2",
            "resolved": "https://registry.npmjs.org/acorn/-/acorn-5.7.2.tgz",
            "integrity": "sha512-cJrKCNcr2kv8dlDnbw+JPUGjHZzo4myaxOLmpOX8a+rgX94YeTcTMv/LFJUSByRpc+i4GgVnnhLxvMu/2Y+rqw=="
        },
        "align-text": {
            "version": "0.1.4",
            "resolved": "https://registry.npmjs.org/align-text/-/align-text-0.1.4.tgz",
            "integrity": "sha1-DNkKVhCT810KmSVsIrcGlDP60Rc=",
            "requires": {
                "kind-of": "3.2.2",
                "longest": "1.0.1",
                "repeat-string": "1.6.1"
            }
        },
        "alter": {
            "version": "0.2.0",
            "resolved": "https://registry.npmjs.org/alter/-/alter-0.2.0.tgz",
            "integrity": "sha1-x1iICGF1cgNKrmJICvJrHU0cs80=",
            "requires": {
                "stable": "0.1.8"
            }
        },
        "amdefine": {
            "version": "1.0.1",
            "resolved": "https://registry.npmjs.org/amdefine/-/amdefine-1.0.1.tgz",
            "integrity": "sha1-SlKCrBZHKek2Gbz9OtFR+BfOkfU="
        },
        "ansi-regex": {
            "version": "2.1.1",
            "resolved": "https://registry.npmjs.org/ansi-regex/-/ansi-regex-2.1.1.tgz",
            "integrity": "sha1-w7M6te42DYbg5ijwRorn7yfWVN8="
        },
        "ansi-styles": {
            "version": "2.2.1",
            "resolved": "https://registry.npmjs.org/ansi-styles/-/ansi-styles-2.2.1.tgz",
            "integrity": "sha1-tDLdM1i2NM914eRmQ2gkBTPB3b4="
        },
        "ast-traverse": {
            "version": "0.1.1",
            "resolved": "https://registry.npmjs.org/ast-traverse/-/ast-traverse-0.1.1.tgz",
            "integrity": "sha1-ac8rg4bxnc2hux4F1o/jWdiJfeY="
        },
        "ast-types": {
            "version": "0.9.6",
            "resolved": "https://registry.npmjs.org/ast-types/-/ast-types-0.9.6.tgz",
            "integrity": "sha1-ECyenpAF0+fjgpvwxPok7oYu6bk="
        },
        "babel-code-frame": {
            "version": "6.26.0",
            "resolved": "https://registry.npmjs.org/babel-code-frame/-/babel-code-frame-6.26.0.tgz",
            "integrity": "sha1-Y/1D99weO7fONZR9uP42mj9Yx0s=",
            "requires": {
                "chalk": "1.1.3",
                "esutils": "2.0.2",
                "js-tokens": "3.0.2"
            }
        },
        "babel-core": {
            "version": "6.0.0",
            "resolved": "https://registry.npmjs.org/babel-core/-/babel-core-6.0.0.tgz",
            "integrity": "sha1-Jsdtu7pT02do19XkxE4Dbf5yA48=",
            "requires": {
                "babel-code-frame": "6.26.0",
                "babel-generator": "6.26.1",
                "babel-helpers": "6.24.1",
                "babel-messages": "6.23.0",
                "babel-runtime": "6.26.0",
                "babel-template": "6.26.0",
                "babel-traverse": "6.26.0",
                "babel-types": "6.26.0",
                "babylon": "6.18.0",
                "convert-source-map": "1.5.1",
                "debug": "2.6.9",
                "esutils": "2.0.2",
                "home-or-tmp": "1.0.0",
                "json5": "0.4.0",
                "lodash": "3.10.1",
                "minimatch": "2.0.10",
                "path-exists": "1.0.0",
                "path-is-absolute": "1.0.1",
                "private": "0.1.8",
                "regenerator": "0.8.35",
                "shebang-regex": "1.0.0",
                "slash": "1.0.0",
                "source-map": "0.4.4",
                "source-map-support": "0.2.10"
            }
        },
        "babel-generator": {
            "version": "6.26.1",
            "resolved": "https://registry.npmjs.org/babel-generator/-/babel-generator-6.26.1.tgz",
            "integrity": "sha512-HyfwY6ApZj7BYTcJURpM5tznulaBvyio7/0d4zFOeMPUmfxkCjHocCuoLa2SAGzBI8AREcH3eP3758F672DppA==",
            "requires": {
                "babel-messages": "6.23.0",
                "babel-runtime": "6.26.0",
                "babel-types": "6.26.0",
                "detect-indent": "4.0.0",
                "jsesc": "1.3.0",
                "lodash": "4.17.10",
                "source-map": "0.5.7",
                "trim-right": "1.0.1"
            },
            "dependencies": {
                "lodash": {
                    "version": "4.17.10",
                    "resolved": "https://registry.npmjs.org/lodash/-/lodash-4.17.10.tgz",
                    "integrity": "sha512-UejweD1pDoXu+AD825lWwp4ZGtSwgnpZxb3JDViD7StjQz+Nb/6l093lx4OQ0foGWNRoc19mWy7BzL+UAK2iVg=="
                },
                "source-map": {
                    "version": "0.5.7",
                    "resolved": "https://registry.npmjs.org/source-map/-/source-map-0.5.7.tgz",
                    "integrity": "sha1-igOdLRAh0i0eoUyA2OpGi6LvP8w="
                }
            }
        },
        "babel-helpers": {
            "version": "6.24.1",
            "resolved": "https://registry.npmjs.org/babel-helpers/-/babel-helpers-6.24.1.tgz",
            "integrity": "sha1-NHHenK7DiOXIUOWX5Yom3fN2ArI=",
            "requires": {
                "babel-runtime": "6.26.0",
                "babel-template": "6.26.0"
            }
        },
        "babel-messages": {
            "version": "6.23.0",
            "resolved": "https://registry.npmjs.org/babel-messages/-/babel-messages-6.23.0.tgz",
            "integrity": "sha1-8830cDhYA1sqKVHG7F7fbGLyYw4=",
            "requires": {
                "babel-runtime": "6.26.0"
            }
        },
        "babel-runtime": {
            "version": "6.26.0",
            "resolved": "https://registry.npmjs.org/babel-runtime/-/babel-runtime-6.26.0.tgz",
            "integrity": "sha1-llxwWGaOgrVde/4E/yM3vItWR/4=",
            "requires": {
                "core-js": "2.5.7",
                "regenerator-runtime": "0.11.1"
            }
        },
        "babel-template": {
            "version": "6.26.0",
            "resolved": "https://registry.npmjs.org/babel-template/-/babel-template-6.26.0.tgz",
            "integrity": "sha1-3gPi0WOWsGn0bdn/+FIfsaDjXgI=",
            "requires": {
                "babel-runtime": "6.26.0",
                "babel-traverse": "6.26.0",
                "babel-types": "6.26.0",
                "babylon": "6.18.0",
                "lodash": "4.17.10"
            },
            "dependencies": {
                "lodash": {
                    "version": "4.17.10",
                    "resolved": "https://registry.npmjs.org/lodash/-/lodash-4.17.10.tgz",
                    "integrity": "sha512-UejweD1pDoXu+AD825lWwp4ZGtSwgnpZxb3JDViD7StjQz+Nb/6l093lx4OQ0foGWNRoc19mWy7BzL+UAK2iVg=="
                }
            }
        },
        "babel-traverse": {
            "version": "6.26.0",
            "resolved": "https://registry.npmjs.org/babel-traverse/-/babel-traverse-6.26.0.tgz",
            "integrity": "sha1-RqnL1+3MYsjlwGTi0tjQ9ANXZu4=",
            "requires": {
                "babel-code-frame": "6.26.0",
                "babel-messages": "6.23.0",
                "babel-runtime": "6.26.0",
                "babel-types": "6.26.0",
                "babylon": "6.18.0",
                "debug": "2.6.9",
                "globals": "9.18.0",
                "invariant": "2.2.4",
                "lodash": "4.17.10"
            },
            "dependencies": {
                "lodash": {
                    "version": "4.17.10",
                    "resolved": "https://registry.npmjs.org/lodash/-/lodash-4.17.10.tgz",
                    "integrity": "sha512-UejweD1pDoXu+AD825lWwp4ZGtSwgnpZxb3JDViD7StjQz+Nb/6l093lx4OQ0foGWNRoc19mWy7BzL+UAK2iVg=="
                }
            }
        },
        "babel-types": {
            "version": "6.26.0",
            "resolved": "https://registry.npmjs.org/babel-types/-/babel-types-6.26.0.tgz",
            "integrity": "sha1-o7Bz+Uq0nrb6Vc1lInozQ4BjJJc=",
            "requires": {
                "babel-runtime": "6.26.0",
                "esutils": "2.0.2",
                "lodash": "4.17.10",
                "to-fast-properties": "1.0.3"
            },
            "dependencies": {
                "lodash": {
                    "version": "4.17.10",
                    "resolved": "https://registry.npmjs.org/lodash/-/lodash-4.17.10.tgz",
                    "integrity": "sha512-UejweD1pDoXu+AD825lWwp4ZGtSwgnpZxb3JDViD7StjQz+Nb/6l093lx4OQ0foGWNRoc19mWy7BzL+UAK2iVg=="
                }
            }
        },
        "babylon": {
            "version": "6.18.0",
            "resolved": "https://registry.npmjs.org/babylon/-/babylon-6.18.0.tgz",
            "integrity": "sha512-q/UEjfGJ2Cm3oKV71DJz9d25TPnq5rhBVL2Q4fA5wcC3jcrdn7+SssEybFIxwAvvP+YCsCYNKughoF33GxgycQ=="
        },
        "balanced-match": {
            "version": "1.0.0",
            "resolved": "https://registry.npmjs.org/balanced-match/-/balanced-match-1.0.0.tgz",
            "integrity": "sha1-ibTRmasr7kneFk6gK4nORi1xt2c="
        },
        "brace-expansion": {
            "version": "1.1.11",
            "resolved": "https://registry.npmjs.org/brace-expansion/-/brace-expansion-1.1.11.tgz",
            "integrity": "sha512-iCuPHDFgrHX7H2vEI/5xpz07zSHB00TpugqhmYtVmMO6518mCuRMoOYFldEBl0g187ufozdaHgWKcYFb61qGiA==",
            "requires": {
                "balanced-match": "1.0.0",
                "concat-map": "0.0.1"
            }
        },
        "breakable": {
            "version": "1.0.0",
            "resolved": "https://registry.npmjs.org/breakable/-/breakable-1.0.0.tgz",
            "integrity": "sha1-eEp5eRWjjq0nutRWtVcstLuqeME="
        },
        "camelcase": {
            "version": "1.2.1",
            "resolved": "https://registry.npmjs.org/camelcase/-/camelcase-1.2.1.tgz",
            "integrity": "sha1-m7UwTS4LVmmLLHWLCKPqqdqlijk="
        },
        "center-align": {
            "version": "0.1.3",
            "resolved": "https://registry.npmjs.org/center-align/-/center-align-0.1.3.tgz",
            "integrity": "sha1-qg0yYptu6XIgBBHL1EYckHvCt60=",
            "requires": {
                "align-text": "0.1.4",
                "lazy-cache": "1.0.4"
            }
        },
        "chalk": {
            "version": "1.1.3",
            "resolved": "https://registry.npmjs.org/chalk/-/chalk-1.1.3.tgz",
            "integrity": "sha1-qBFcVeSnAv5NFQq9OHKCKn4J/Jg=",
            "requires": {
                "ansi-styles": "2.2.1",
                "escape-string-regexp": "1.0.5",
                "has-ansi": "2.0.0",
                "strip-ansi": "3.0.1",
                "supports-color": "2.0.0"
            }
        },
        "cliui": {
            "version": "2.1.0",
            "resolved": "https://registry.npmjs.org/cliui/-/cliui-2.1.0.tgz",
            "integrity": "sha1-S0dXYP+AJkx2LDoXGQMukcf+oNE=",
            "requires": {
                "center-align": "0.1.3",
                "right-align": "0.1.3",
                "wordwrap": "0.0.2"
            }
        },
        "commander": {
            "version": "2.17.1",
            "resolved": "https://registry.npmjs.org/commander/-/commander-2.17.1.tgz",
            "integrity": "sha512-wPMUt6FnH2yzG95SA6mzjQOEKUU3aLaDEmzs1ti+1E9h+CsrZghRlqEM/EJ4KscsQVG8uNN4uVreUeT8+drlgg=="
        },
        "commoner": {
            "version": "0.10.8",
            "resolved": "https://registry.npmjs.org/commoner/-/commoner-0.10.8.tgz",
            "integrity": "sha1-NPw2cs0kOT6LtH5wyqApOBH08sU=",
            "requires": {
                "commander": "2.17.1",
                "detective": "4.7.1",
                "glob": "5.0.15",
                "graceful-fs": "4.1.11",
                "iconv-lite": "0.4.24",
                "mkdirp": "0.5.1",
                "private": "0.1.8",
                "q": "1.5.1",
                "recast": "0.11.23"
            },
            "dependencies": {
                "esprima": {
                    "version": "3.1.3",
                    "resolved": "https://registry.npmjs.org/esprima/-/esprima-3.1.3.tgz",
                    "integrity": "sha1-/cpRzuYTOJXjyI1TXOSdv/YqRjM="
                },
                "recast": {
                    "version": "0.11.23",
                    "resolved": "https://registry.npmjs.org/recast/-/recast-0.11.23.tgz",
                    "integrity": "sha1-RR/TAEqx5N+bTktmN2sqIZEkYtM=",
                    "requires": {
                        "ast-types": "0.9.6",
                        "esprima": "3.1.3",
                        "private": "0.1.8",
                        "source-map": "0.5.7"
                    }
                },
                "source-map": {
                    "version": "0.5.7",
                    "resolved": "https://registry.npmjs.org/source-map/-/source-map-0.5.7.tgz",
                    "integrity": "sha1-igOdLRAh0i0eoUyA2OpGi6LvP8w="
                }
            }
        },
        "concat-map": {
            "version": "0.0.1",
            "resolved": "https://registry.npmjs.org/concat-map/-/concat-map-0.0.1.tgz",
            "integrity": "sha1-2Klr13/Wjfd5OnMDajug1UBdR3s="
        },
        "convert-source-map": {
            "version": "1.5.1",
            "resolved": "https://registry.npmjs.org/convert-source-map/-/convert-source-map-1.5.1.tgz",
            "integrity": "sha1-uCeAl7m8IpNl3lxiz1/K7YtVmeU="
        },
        "core-js": {
            "version": "2.5.7",
            "resolved": "https://registry.npmjs.org/core-js/-/core-js-2.5.7.tgz",
            "integrity": "sha512-RszJCAxg/PP6uzXVXL6BsxSXx/B05oJAQ2vkJRjyjrEcNVycaqOmNb5OTxZPE3xa5gwZduqza6L9JOCenh/Ecw=="
        },
        "debug": {
            "version": "2.6.9",
            "resolved": "https://registry.npmjs.org/debug/-/debug-2.6.9.tgz",
            "integrity": "sha512-bC7ElrdJaJnPbAP+1EotYvqZsb3ecl5wi6Bfi6BJTUcNowp6cvspg0jXznRTKDjm/E7AdgFBVeAPVMNcKGsHMA==",
            "requires": {
                "ms": "2.0.0"
            }
        },
        "decamelize": {
            "version": "1.2.0",
            "resolved": "https://registry.npmjs.org/decamelize/-/decamelize-1.2.0.tgz",
            "integrity": "sha1-9lNNFRSCabIDUue+4m9QH5oZEpA="
        },
        "defined": {
            "version": "1.0.0",
            "resolved": "https://registry.npmjs.org/defined/-/defined-1.0.0.tgz",
            "integrity": "sha1-yY2bzvdWdBiOEQlpFRGZ45sfppM="
        },
        "defs": {
            "version": "1.1.1",
            "resolved": "https://registry.npmjs.org/defs/-/defs-1.1.1.tgz",
            "integrity": "sha1-siYJ8sehG6ej2xFoBcE5scr/qdI=",
            "requires": {
                "alter": "0.2.0",
                "ast-traverse": "0.1.1",
                "breakable": "1.0.0",
                "esprima-fb": "15001.1001.0-dev-harmony-fb",
                "simple-fmt": "0.1.0",
                "simple-is": "0.2.0",
                "stringmap": "0.2.2",
                "stringset": "0.2.1",
                "tryor": "0.1.2",
                "yargs": "3.27.0"
            },
            "dependencies": {
                "esprima-fb": {
                    "version": "15001.1001.0-dev-harmony-fb",
                    "resolved": "https://registry.npmjs.org/esprima-fb/-/esprima-fb-15001.1001.0-dev-harmony-fb.tgz",
                    "integrity": "sha1-Q761fsJujPI3092LM+QlM1d/Jlk="
                }
            }
        },
        "detect-indent": {
            "version": "4.0.0",
            "resolved": "https://registry.npmjs.org/detect-indent/-/detect-indent-4.0.0.tgz",
            "integrity": "sha1-920GQ1LN9Docts5hnE7jqUdd4gg=",
            "requires": {
                "repeating": "2.0.1"
            }
        },
        "detective": {
            "version": "4.7.1",
            "resolved": "https://registry.npmjs.org/detective/-/detective-4.7.1.tgz",
            "integrity": "sha512-H6PmeeUcZloWtdt4DAkFyzFL94arpHr3NOwwmVILFiy+9Qd4JTxxXrzfyGk/lmct2qVGBwTSwSXagqu2BxmWig==",
            "requires": {
                "acorn": "5.7.2",
                "defined": "1.0.0"
            }
        },
        "escape-string-regexp": {
            "version": "1.0.5",
            "resolved": "https://registry.npmjs.org/escape-string-regexp/-/escape-string-regexp-1.0.5.tgz",
            "integrity": "sha1-G2HAViGQqN/2rjuyzwIAyhMLhtQ="
        },
        "esprima-fb": {
            "version": "15001.1.0-dev-harmony-fb",
            "resolved": "https://registry.npmjs.org/esprima-fb/-/esprima-fb-15001.1.0-dev-harmony-fb.tgz",
            "integrity": "sha1-MKlHMDxrjV6VW+4rmbHSMyBqaQE="
        },
        "esutils": {
            "version": "2.0.2",
            "resolved": "https://registry.npmjs.org/esutils/-/esutils-2.0.2.tgz",
            "integrity": "sha1-Cr9PHKpbyx96nYrMbepPqqBLrJs="
        },
        "glob": {
            "version": "5.0.15",
            "resolved": "https://registry.npmjs.org/glob/-/glob-5.0.15.tgz",
            "integrity": "sha1-G8k2ueAvSmA/zCIuz3Yz0wuLk7E=",
            "requires": {
                "inflight": "1.0.6",
                "inherits": "2.0.3",
                "minimatch": "2.0.10",
                "once": "1.4.0",
                "path-is-absolute": "1.0.1"
            }
        },
        "globals": {
            "version": "9.18.0",
            "resolved": "https://registry.npmjs.org/globals/-/globals-9.18.0.tgz",
            "integrity": "sha512-S0nG3CLEQiY/ILxqtztTWH/3iRRdyBLw6KMDxnKMchrtbj2OFmehVh0WUCfW3DUrIgx/qFrJPICrq4Z4sTR9UQ=="
        },
        "graceful-fs": {
            "version": "4.1.11",
            "resolved": "https://registry.npmjs.org/graceful-fs/-/graceful-fs-4.1.11.tgz",
            "integrity": "sha1-Dovf5NHduIVNZOBOp8AOKgJuVlg="
        },
        "has-ansi": {
            "version": "2.0.0",
            "resolved": "https://registry.npmjs.org/has-ansi/-/has-ansi-2.0.0.tgz",
            "integrity": "sha1-NPUEnOHs3ysGSa8+8k5F7TVBbZE=",
            "requires": {
                "ansi-regex": "2.1.1"
            }
        },
        "home-or-tmp": {
            "version": "1.0.0",
            "resolved": "https://registry.npmjs.org/home-or-tmp/-/home-or-tmp-1.0.0.tgz",
            "integrity": "sha1-S58eQIAMPlDGwn94FnavzOcfOYU=",
            "requires": {
                "os-tmpdir": "1.0.2",
                "user-home": "1.1.1"
            }
        },
        "iconv-lite": {
            "version": "0.4.24",
            "resolved": "https://registry.npmjs.org/iconv-lite/-/iconv-lite-0.4.24.tgz",
            "integrity": "sha512-v3MXnZAcvnywkTUEZomIActle7RXXeedOR31wwl7VlyoXO4Qi9arvSenNQWne1TcRwhCL1HwLI21bEqdpj8/rA==",
            "requires": {
                "safer-buffer": "2.1.2"
            }
        },
        "inflight": {
            "version": "1.0.6",
            "resolved": "https://registry.npmjs.org/inflight/-/inflight-1.0.6.tgz",
            "integrity": "sha1-Sb1jMdfQLQwJvJEKEHW6gWW1bfk=",
            "requires": {
                "once": "1.4.0",
                "wrappy": "1.0.2"
            }
        },
        "inherits": {
            "version": "2.0.3",
            "resolved": "https://registry.npmjs.org/inherits/-/inherits-2.0.3.tgz",
            "integrity": "sha1-Yzwsg+PaQqUC9SRmAiSA9CCCYd4="
        },
        "invariant": {
            "version": "2.2.4",
            "resolved": "https://registry.npmjs.org/invariant/-/invariant-2.2.4.tgz",
            "integrity": "sha512-phJfQVBuaJM5raOpJjSfkiD6BpbCE4Ns//LaXl6wGYtUBY83nWS6Rf9tXm2e8VaK60JEjYldbPif/A2B1C2gNA==",
            "requires": {
                "loose-envify": "1.4.0"
            }
        },
        "invert-kv": {
            "version": "1.0.0",
            "resolved": "https://registry.npmjs.org/invert-kv/-/invert-kv-1.0.0.tgz",
            "integrity": "sha1-EEqOSqym09jNFXqO+L+rLXo//bY="
        },
        "is-buffer": {
            "version": "1.1.6",
            "resolved": "https://registry.npmjs.org/is-buffer/-/is-buffer-1.1.6.tgz",
            "integrity": "sha512-NcdALwpXkTm5Zvvbk7owOUSvVvBKDgKP5/ewfXEznmQFfs4ZRmanOeKBTjRVjka3QFoN6XJ+9F3USqfHqTaU5w=="
        },
        "is-finite": {
            "version": "1.0.2",
            "resolved": "https://registry.npmjs.org/is-finite/-/is-finite-1.0.2.tgz",
            "integrity": "sha1-zGZ3aVYCvlUO8R6LSqYwU0K20Ko=",
            "requires": {
                "number-is-nan": "1.0.1"
            }
        },
        "js-tokens": {
            "version": "3.0.2",
            "resolved": "https://registry.npmjs.org/js-tokens/-/js-tokens-3.0.2.tgz",
            "integrity": "sha1-mGbfOVECEw449/mWvOtlRDIJwls="
        },
        "jsesc": {
            "version": "1.3.0",
            "resolved": "https://registry.npmjs.org/jsesc/-/jsesc-1.3.0.tgz",
            "integrity": "sha1-RsP+yMGJKxKwgz25vHYiF226s0s="
        },
        "json5": {
            "version": "0.4.0",
            "resolved": "https://registry.npmjs.org/json5/-/json5-0.4.0.tgz",
            "integrity": "sha1-BUNS5MTIDIbAkjh31EneF2pzLI0="
        },
        "kind-of": {
            "version": "3.2.2",
            "resolved": "https://registry.npmjs.org/kind-of/-/kind-of-3.2.2.tgz",
            "integrity": "sha1-MeohpzS6ubuw8yRm2JOupR5KPGQ=",
            "requires": {
                "is-buffer": "1.1.6"
            }
        },
        "lazy-cache": {
            "version": "1.0.4",
            "resolved": "https://registry.npmjs.org/lazy-cache/-/lazy-cache-1.0.4.tgz",
            "integrity": "sha1-odePw6UEdMuAhF07O24dpJpEbo4="
        },
        "lcid": {
            "version": "1.0.0",
            "resolved": "https://registry.npmjs.org/lcid/-/lcid-1.0.0.tgz",
            "integrity": "sha1-MIrMr6C8SDo4Z7S28rlQYlHRuDU=",
            "requires": {
                "invert-kv": "1.0.0"
            }
        },
        "lodash": {
            "version": "3.10.1",
            "resolved": "https://registry.npmjs.org/lodash/-/lodash-3.10.1.tgz",
            "integrity": "sha1-W/Rejkm6QYnhfUgnid/RW9FAt7Y="
        },
        "longest": {
            "version": "1.0.1",
            "resolved": "https://registry.npmjs.org/longest/-/longest-1.0.1.tgz",
            "integrity": "sha1-MKCy2jj3N3DoKUoNIuZiXtd9AJc="
        },
        "loose-envify": {
            "version": "1.4.0",
            "resolved": "https://registry.npmjs.org/loose-envify/-/loose-envify-1.4.0.tgz",
            "integrity": "sha512-lyuxPGr/Wfhrlem2CL/UcnUc1zcqKAImBDzukY7Y5F/yQiNdko6+fRLevlw1HgMySw7f611UIY408EtxRSoK3Q==",
            "requires": {
                "js-tokens": "3.0.2"
            }
        },
        "minimatch": {
            "version": "2.0.10",
            "resolved": "https://registry.npmjs.org/minimatch/-/minimatch-2.0.10.tgz",
            "integrity": "sha1-jQh8OcazjAAbl/ynzm0OHoCvusc=",
            "requires": {
                "brace-expansion": "1.1.11"
            }
        },
        "minimist": {
            "version": "0.0.8",
            "resolved": "https://registry.npmjs.org/minimist/-/minimist-0.0.8.tgz",
            "integrity": "sha1-hX/Kv8M5fSYluCKCYuhqp6ARsF0="
        },
        "mkdirp": {
            "version": "0.5.1",
            "resolved": "https://registry.npmjs.org/mkdirp/-/mkdirp-0.5.1.tgz",
            "integrity": "sha1-MAV0OOrGz3+MR2fzhkjWaX11yQM=",
            "requires": {
                "minimist": "0.0.8"
            }
        },
        "ms": {
            "version": "2.0.0",
            "resolved": "https://registry.npmjs.org/ms/-/ms-2.0.0.tgz",
            "integrity": "sha1-VgiurfwAvmwpAd9fmGF4jeDVl8g="
        },
        "number-is-nan": {
            "version": "1.0.1",
            "resolved": "https://registry.npmjs.org/number-is-nan/-/number-is-nan-1.0.1.tgz",
            "integrity": "sha1-CXtgK1NCKlIsGvuHkDGDNpQaAR0="
        },
        "once": {
            "version": "1.4.0",
            "resolved": "https://registry.npmjs.org/once/-/once-1.4.0.tgz",
            "integrity": "sha1-WDsap3WWHUsROsF9nFC6753Xa9E=",
            "requires": {
                "wrappy": "1.0.2"
            }
        },
        "os-locale": {
            "version": "1.4.0",
            "resolved": "https://registry.npmjs.org/os-locale/-/os-locale-1.4.0.tgz",
            "integrity": "sha1-IPnxeuKe00XoveWDsT0gCYA8FNk=",
            "requires": {
                "lcid": "1.0.0"
            }
        },
        "os-tmpdir": {
            "version": "1.0.2",
            "resolved": "https://registry.npmjs.org/os-tmpdir/-/os-tmpdir-1.0.2.tgz",
            "integrity": "sha1-u+Z0BseaqFxc/sdm/lc0VV36EnQ="
        },
        "path-exists": {
            "version": "1.0.0",
            "resolved": "https://registry.npmjs.org/path-exists/-/path-exists-1.0.0.tgz",
            "integrity": "sha1-1aiZjrce83p0w06w2eum6HjuoIE="
        },
        "path-is-absolute": {
            "version": "1.0.1",
            "resolved": "https://registry.npmjs.org/path-is-absolute/-/path-is-absolute-1.0.1.tgz",
            "integrity": "sha1-F0uSaHNVNP+8es5r9TpanhtcX18="
        },
        "private": {
            "version": "0.1.8",
            "resolved": "https://registry.npmjs.org/private/-/private-0.1.8.tgz",
            "integrity": "sha512-VvivMrbvd2nKkiG38qjULzlc+4Vx4wm/whI9pQD35YrARNnhxeiRktSOhSukRLFNlzg6Br/cJPet5J/u19r/mg=="
        },
        "q": {
            "version": "1.5.1",
            "resolved": "https://registry.npmjs.org/q/-/q-1.5.1.tgz",
            "integrity": "sha1-fjL3W0E4EpHQRhHxvxQQmsAGUdc="
        },
        "recast": {
            "version": "0.10.24",
            "resolved": "https://registry.npmjs.org/recast/-/recast-0.10.24.tgz",
            "integrity": "sha1-7DR4EjIqyJWuGxLjBrZ/CE8CJ3o=",
            "requires": {
                "ast-types": "0.8.5",
                "esprima-fb": "15001.1.0-dev-harmony-fb",
                "private": "0.1.8",
                "source-map": "0.4.4"
            },
            "dependencies": {
                "ast-types": {
                    "version": "0.8.5",
                    "resolved": "https://registry.npmjs.org/ast-types/-/ast-types-0.8.5.tgz",
                    "integrity": "sha1-WhJzMMxeyXrFMpLj3PGhSptugD8="
                }
            }
        },
        "regenerator": {
            "version": "0.8.35",
            "resolved": "https://registry.npmjs.org/regenerator/-/regenerator-0.8.35.tgz",
            "integrity": "sha1-0LyuslGlCQG0FqfGvPUhXSbGgds=",
            "requires": {
                "commoner": "0.10.8",
                "defs": "1.1.1",
                "esprima-fb": "15001.1.0-dev-harmony-fb",
                "private": "0.1.8",
                "recast": "0.10.24",
                "through": "2.3.8"
            }
        },
        "regenerator-runtime": {
            "version": "0.11.1",
            "resolved": "https://registry.npmjs.org/regenerator-runtime/-/regenerator-runtime-0.11.1.tgz",
            "integrity": "sha512-MguG95oij0fC3QV3URf4V2SDYGJhJnJGqvIIgdECeODCT98wSWDAJ94SSuVpYQUoTcGUIL6L4yNB7j1DFFHSBg=="
        },
        "repeat-string": {
            "version": "1.6.1",
            "resolved": "https://registry.npmjs.org/repeat-string/-/repeat-string-1.6.1.tgz",
            "integrity": "sha1-jcrkcOHIirwtYA//Sndihtp15jc="
        },
        "repeating": {
            "version": "2.0.1",
            "resolved": "https://registry.npmjs.org/repeating/-/repeating-2.0.1.tgz",
            "integrity": "sha1-UhTFOpJtNVJwdSf7q0FdvAjQbdo=",
            "requires": {
                "is-finite": "1.0.2"
            }
        },
        "right-align": {
            "version": "0.1.3",
            "resolved": "https://registry.npmjs.org/right-align/-/right-align-0.1.3.tgz",
            "integrity": "sha1-YTObci/mo1FWiSENJOFMlhSGE+8=",
            "requires": {
                "align-text": "0.1.4"
            }
        },
        "safer-buffer": {
            "version": "2.1.2",
            "resolved": "https://registry.npmjs.org/safer-buffer/-/safer-buffer-2.1.2.tgz",
            "integrity": "sha512-YZo3K82SD7Riyi0E1EQPojLz7kpepnSQI9IyPbHHg1XXXevb5dJI7tpyN2ADxGcQbHG7vcyRHk0cbwqcQriUtg=="
        },
        "shebang-regex": {
            "version": "1.0.0",
            "resolved": "https://registry.npmjs.org/shebang-regex/-/shebang-regex-1.0.0.tgz",
            "integrity": "sha1-2kL0l0DAtC2yypcoVxyxkMmO/qM="
        },
        "simple-fmt": {
            "version": "0.1.0",
            "resolved": "https://registry.npmjs.org/simple-fmt/-/simple-fmt-0.1.0.tgz",
            "integrity": "sha1-GRv1ZqWeZTBILLJatTtKjchcOms="
        },
        "simple-is": {
            "version": "0.2.0",
            "resolved": "https://registry.npmjs.org/simple-is/-/simple-is-0.2.0.tgz",
            "integrity": "sha1-Krt1qt453rXMgVzhDmGRFkhQuvA="
        },
        "slash": {
            "version": "1.0.0",
            "resolved": "https://registry.npmjs.org/slash/-/slash-1.0.0.tgz",
            "integrity": "sha1-xB8vbDn8FtHNF61LXYlhFK5HDVU="
        },
        "source-map": {
            "version": "0.4.4",
            "resolved": "https://registry.npmjs.org/source-map/-/source-map-0.4.4.tgz",
            "integrity": "sha1-66T12pwNyZneaAMti092FzZSA2s=",
            "requires": {
                "amdefine": "1.0.1"
            }
        },
        "source-map-support": {
            "version": "0.2.10",
            "resolved": "https://registry.npmjs.org/source-map-support/-/source-map-support-0.2.10.tgz",
            "integrity": "sha1-6lo5AKHByyUJagrozFwrSxDe09w=",
            "requires": {
                "source-map": "0.1.32"
            },
            "dependencies": {
                "source-map": {
                    "version": "0.1.32",
                    "resolved": "https://registry.npmjs.org/source-map/-/source-map-0.1.32.tgz",
                    "integrity": "sha1-yLbBZ3l7pHQKjqMyUhYv8IWRsmY=",
                    "requires": {
                        "amdefine": "1.0.1"
                    }
                }
            }
        },
        "stable": {
            "version": "0.1.8",
            "resolved": "https://registry.npmjs.org/stable/-/stable-0.1.8.tgz",
            "integrity": "sha512-ji9qxRnOVfcuLDySj9qzhGSEFVobyt1kIOSkj1qZzYLzq7Tos/oUUWvotUPQLlrsidqsK6tBH89Bc9kL5zHA6w=="
        },
        "stringmap": {
            "version": "0.2.2",
            "resolved": "https://registry.npmjs.org/stringmap/-/stringmap-0.2.2.tgz",
            "integrity": "sha1-VWwTeyWPlCuHdvWy71gqoGnX0bE="
        },
        "stringset": {
            "version": "0.2.1",
            "resolved": "https://registry.npmjs.org/stringset/-/stringset-0.2.1.tgz",
            "integrity": "sha1-7yWcTjSTRDd/zRyRPdLoSMnAQrU="
        },
        "strip-ansi": {
            "version": "3.0.1",
            "resolved": "https://registry.npmjs.org/strip-ansi/-/strip-ansi-3.0.1.tgz",
            "integrity": "sha1-ajhfuIU9lS1f8F0Oiq+UJ43GPc8=",
            "requires": {
                "ansi-regex": "2.1.1"
            }
        },
        "supports-color": {
            "version": "2.0.0",
            "resolved": "https://registry.npmjs.org/supports-color/-/supports-color-2.0.0.tgz",
            "integrity": "sha1-U10EXOa2Nj+kARcIRimZXp3zJMc="
        },
        "through": {
            "version": "2.3.8",
            "resolved": "https://registry.npmjs.org/through/-/through-2.3.8.tgz",
            "integrity": "sha1-DdTJ/6q8NXlgsbckEV1+Doai4fU="
        },
        "to-fast-properties": {
            "version": "1.0.3",
            "resolved": "https://registry.npmjs.org/to-fast-properties/-/to-fast-properties-1.0.3.tgz",
            "integrity": "sha1-uDVx+k2MJbguIxsG46MFXeTKGkc="
        },
        "trim-right": {
            "version": "1.0.1",
            "resolved": "https://registry.npmjs.org/trim-right/-/trim-right-1.0.1.tgz",
            "integrity": "sha1-yy4SAwZ+DI3h9hQJS5/kVwTqYAM="
        },
        "tryor": {
            "version": "0.1.2",
            "resolved": "https://registry.npmjs.org/tryor/-/tryor-0.1.2.tgz",
            "integrity": "sha1-gUXkynyv9ArN48z5Rui4u3W0Fys="
        },
        "user-home": {
            "version": "1.1.1",
            "resolved": "https://registry.npmjs.org/user-home/-/user-home-1.1.1.tgz",
            "integrity": "sha1-K1viOjK2Onyd640PKNSFcko98ZA="
        },
        "window-size": {
            "version": "0.1.4",
            "resolved": "https://registry.npmjs.org/window-size/-/window-size-0.1.4.tgz",
            "integrity": "sha1-+OGqHuWlPsW/FR/6CXQqatdpeHY="
        },
        "wordwrap": {
            "version": "0.0.2",
            "resolved": "https://registry.npmjs.org/wordwrap/-/wordwrap-0.0.2.tgz",
            "integrity": "sha1-t5Zpu0LstAn4PVg8rVLKF+qhZD8="
        },
        "wrappy": {
            "version": "1.0.2",
            "resolved": "https://registry.npmjs.org/wrappy/-/wrappy-1.0.2.tgz",
            "integrity": "sha1-tSQ9jz7BqjXxNkYFvA0QNuMKtp8="
        },
        "y18n": {
            "version": "3.2.1",
            "resolved": "https://registry.npmjs.org/y18n/-/y18n-3.2.1.tgz",
            "integrity": "sha1-bRX7qITAhnnA136I53WegR4H+kE="
        },
        "yargs": {
            "version": "3.27.0",
            "resolved": "https://registry.npmjs.org/yargs/-/yargs-3.27.0.tgz",
            "integrity": "sha1-ISBUaTFuk5Ex1Z8toMbX+YIh6kA=",
            "requires": {
                "camelcase": "1.2.1",
                "cliui": "2.1.0",
                "decamelize": "1.2.0",
                "os-locale": "1.4.0",
                "window-size": "0.1.4",
                "y18n": "3.2.1"
            }
        }
    }
}
